
Microsoft Visual Studio Solution File, Format Version 12.00
# Visual Studio Version 17
VisualStudioVersion = 17.0.31903.59
MinimumVisualStudioVersion = 10.0.40219.1
Project("{FAE04EC0-301F-11D3-BF4B-00C04F79EFBC}") = "PracticePrograms", "PracticePrograms\PracticePrograms.csproj", "{A050CCC0-21FB-4863-A3C8-52E45EBE777C}"
EndProject
Project("{FAE04EC0-301F-11D3-BF4B-00C04F79EFBC}") = "Program2", "Program2\Program2.csproj", "{E5858C24-2944-4D8D-A77E-C67BEFF6D098}"
EndProject
Project("{FAE04EC0-301F-11D3-BF4B-00C04F79EFBC}") = "Program3", "Program3\Program3.csproj", "{8594AACF-CE11-464B-9E18-645EC4F7FB6B}"
EndProject
Project("{FAE04EC0-301F-11D3-BF4B-00C04F79EFBC}") = "Program4", "Program4\Program4.csproj", "{075E86A7-803C-4E27-8D4B-92C6D30C94E3}"
EndProject
Project("{FAE04EC0-301F-11D3-BF4B-00C04F79EFBC}") = "Program5", "Program5\Program5.csproj", "{C81E9E4D-EFAE-42BE-A3F8-883C4D940C9D}"
EndProject
Project("{FAE04EC0-301F-11D3-BF4B-00C04F79EFBC}") = "Program6", "Program6\Program6.csproj", "{66581B73-14A9-4FBE-972F-C21001810B5E}"
EndProject
Project("{FAE04EC0-301F-11D3-BF4B-00C04F79EFBC}") = "Program7", "Program7\Program7.csproj", "{8AD5D7F4-41D5-43BA-9A52-C61C0A0B7B4B}"
EndProject
Project("{FAE04EC0-301F-11D3-BF4B-00C04F79EFBC}") = "Program8", "Program8\Program8.csproj", "{046D2F7A-99F1-4430-A9D7-C85B51599498}"
EndProject
Global
	GlobalSection(SolutionConfigurationPlatforms) = preSolution
		Debug|Any CPU = Debug|Any CPU
		Debug|x64 = Debug|x64
		Debug|x86 = Debug|x86
		Release|Any CPU = Release|Any CPU
		Release|x64 = Release|x64
		Release|x86 = Release|x86
	EndGlobalSection
	GlobalSection(ProjectConfigurationPlatforms) = postSolution
		{A050CCC0-21FB-4863-A3C8-52E45EBE777C}.Debug|Any CPU.ActiveCfg = Debug|Any CPU
		{A050CCC0-21FB-4863-A3C8-52E45EBE777C}.Debug|Any CPU.Build.0 = Debug|Any CPU
		{A050CCC0-21FB-4863-A3C8-52E45EBE777C}.Debug|x64.ActiveCfg = Debug|Any CPU
		{A050CCC0-21FB-4863-A3C8-52E45EBE777C}.Debug|x64.Build.0 = Debug|Any CPU
		{A050CCC0-21FB-4863-A3C8-52E45EBE777C}.Debug|x86.ActiveCfg = Debug|Any CPU
		{A050CCC0-21FB-4863-A3C8-52E45EBE777C}.Debug|x86.Build.0 = Debug|Any CPU
		{A050CCC0-21FB-4863-A3C8-52E45EBE777C}.Release|Any CPU.ActiveCfg = Release|Any CPU
		{A050CCC0-21FB-4863-A3C8-52E45EBE777C}.Release|Any CPU.Build.0 = Release|Any CPU
		{A050CCC0-21FB-4863-A3C8-52E45EBE777C}.Release|x64.ActiveCfg = Release|Any CPU
		{A050CCC0-21FB-4863-A3C8-52E45EBE777C}.Release|x64.Build.0 = Release|Any CPU
		{A050CCC0-21FB-4863-A3C8-52E45EBE777C}.Release|x86.ActiveCfg = Release|Any CPU
		{A050CCC0-21FB-4863-A3C8-52E45EBE777C}.Release|x86.Build.0 = Release|Any CPU
		{E5858C24-2944-4D8D-A77E-C67BEFF6D098}.Debug|Any CPU.ActiveCfg = Debug|Any CPU
		{E5858C24-2944-4D8D-A77E-C67BEFF6D098}.Debug|Any CPU.Build.0 = Debug|Any CPU
		{E5858C24-2944-4D8D-A77E-C67BEFF6D098}.Debug|x64.ActiveCfg = Debug|Any CPU
		{E5858C24-2944-4D8D-A77E-C67BEFF6D098}.Debug|x64.Build.0 = Debug|Any CPU
		{E5858C24-2944-4D8D-A77E-C67BEFF6D098}.Debug|x86.ActiveCfg = Debug|Any CPU
		{E5858C24-2944-4D8D-A77E-C67BEFF6D098}.Debug|x86.Build.0 = Debug|Any CPU
		{E5858C24-2944-4D8D-A77E-C67BEFF6D098}.Release|Any CPU.ActiveCfg = Release|Any CPU
		{E5858C24-2944-4D8D-A77E-C67BEFF6D098}.Release|Any CPU.Build.0 = Release|Any CPU
		{E5858C24-2944-4D8D-A77E-C67BEFF6D098}.Release|x64.ActiveCfg = Release|Any CPU
		{E5858C24-2944-4D8D-A77E-C67BEFF6D098}.Release|x64.Build.0 = Release|Any CPU
		{E5858C24-2944-4D8D-A77E-C67BEFF6D098}.Release|x86.ActiveCfg = Release|Any CPU
		{E5858C24-2944-4D8D-A77E-C67BEFF6D098}.Release|x86.Build.0 = Release|Any CPU
		{8594AACF-CE11-464B-9E18-645EC4F7FB6B}.Debug|Any CPU.ActiveCfg = Debug|Any CPU
		{8594AACF-CE11-464B-9E18-645EC4F7FB6B}.Debug|Any CPU.Build.0 = Debug|Any CPU
		{8594AACF-CE11-464B-9E18-645EC4F7FB6B}.Debug|x64.ActiveCfg = Debug|Any CPU
		{8594AACF-CE11-464B-9E18-645EC4F7FB6B}.Debug|x64.Build.0 = Debug|Any CPU
		{8594AACF-CE11-464B-9E18-645EC4F7FB6B}.Debug|x86.ActiveCfg = Debug|Any CPU
		{8594AACF-CE11-464B-9E18-645EC4F7FB6B}.Debug|x86.Build.0 = Debug|Any CPU
		{8594AACF-CE11-464B-9E18-645EC4F7FB6B}.Release|Any CPU.ActiveCfg = Release|Any CPU
		{8594AACF-CE11-464B-9E18-645EC4F7FB6B}.Release|Any CPU.Build.0 = Release|Any CPU
		{8594AACF-CE11-464B-9E18-645EC4F7FB6B}.Release|x64.ActiveCfg = Release|Any CPU
		{8594AACF-CE11-464B-9E18-645EC4F7FB6B}.Release|x64.Build.0 = Release|Any CPU
		{8594AACF-CE11-464B-9E18-645EC4F7FB6B}.Release|x86.ActiveCfg = Release|Any CPU
		{8594AACF-CE11-464B-9E18-645EC4F7FB6B}.Release|x86.Build.0 = Release|Any CPU
		{075E86A7-803C-4E27-8D4B-92C6D30C94E3}.Debug|Any CPU.ActiveCfg = Debug|Any CPU
		{075E86A7-803C-4E27-8D4B-92C6D30C94E3}.Debug|Any CPU.Build.0 = Debug|Any CPU
		{075E86A7-803C-4E27-8D4B-92C6D30C94E3}.Debug|x64.ActiveCfg = Debug|Any CPU
		{075E86A7-803C-4E27-8D4B-92C6D30C94E3}.Debug|x64.Build.0 = Debug|Any CPU
		{075E86A7-803C-4E27-8D4B-92C6D30C94E3}.Debug|x86.ActiveCfg = Debug|Any CPU
		{075E86A7-803C-4E27-8D4B-92C6D30C94E3}.Debug|x86.Build.0 = Debug|Any CPU
		{075E86A7-803C-4E27-8D4B-92C6D30C94E3}.Release|Any CPU.ActiveCfg = Release|Any CPU
		{075E86A7-803C-4E27-8D4B-92C6D30C94E3}.Release|Any CPU.Build.0 = Release|Any CPU
		{075E86A7-803C-4E27-8D4B-92C6D30C94E3}.Release|x64.ActiveCfg = Release|Any CPU
		{075E86A7-803C-4E27-8D4B-92C6D30C94E3}.Release|x64.Build.0 = Release|Any CPU
		{075E86A7-803C-4E27-8D4B-92C6D30C94E3}.Release|x86.ActiveCfg = Release|Any CPU
		{075E86A7-803C-4E27-8D4B-92C6D30C94E3}.Release|x86.Build.0 = Release|Any CPU
		{C81E9E4D-EFAE-42BE-A3F8-883C4D940C9D}.Debug|Any CPU.ActiveCfg = Debug|Any CPU
		{C81E9E4D-EFAE-42BE-A3F8-883C4D940C9D}.Debug|Any CPU.Build.0 = Debug|Any CPU
		{C81E9E4D-EFAE-42BE-A3F8-883C4D940C9D}.Debug|x64.ActiveCfg = Debug|Any CPU
		{C81E9E4D-EFAE-42BE-A3F8-883C4D940C9D}.Debug|x64.Build.0 = Debug|Any CPU
		{C81E9E4D-EFAE-42BE-A3F8-883C4D940C9D}.Debug|x86.ActiveCfg = Debug|Any CPU
		{C81E9E4D-EFAE-42BE-A3F8-883C4D940C9D}.Debug|x86.Build.0 = Debug|Any CPU
		{C81E9E4D-EFAE-42BE-A3F8-883C4D940C9D}.Release|Any CPU.ActiveCfg = Release|Any CPU
		{C81E9E4D-EFAE-42BE-A3F8-883C4D940C9D}.Release|Any CPU.Build.0 = Release|Any CPU
		{C81E9E4D-EFAE-42BE-A3F8-883C4D940C9D}.Release|x64.ActiveCfg = Release|Any CPU
		{C81E9E4D-EFAE-42BE-A3F8-883C4D940C9D}.Release|x64.Build.0 = Release|Any CPU
		{C81E9E4D-EFAE-42BE-A3F8-883C4D940C9D}.Release|x86.ActiveCfg = Release|Any CPU
		{C81E9E4D-EFAE-42BE-A3F8-883C4D940C9D}.Release|x86.Build.0 = Release|Any CPU
		{66581B73-14A9-4FBE-972F-C21001810B5E}.Debug|Any CPU.ActiveCfg = Debug|Any CPU
		{66581B73-14A9-4FBE-972F-C21001810B5E}.Debug|Any CPU.Build.0 = Debug|Any CPU
		{66581B73-14A9-4FBE-972F-C21001810B5E}.Debug|x64.ActiveCfg = Debug|Any CPU
		{66581B73-14A9-4FBE-972F-C21001810B5E}.Debug|x64.Build.0 = Debug|Any CPU
		{66581B73-14A9-4FBE-972F-C21001810B5E}.Debug|x86.ActiveCfg = Debug|Any CPU
		{66581B73-14A9-4FBE-972F-C21001810B5E}.Debug|x86.Build.0 = Debug|Any CPU
		{66581B73-14A9-4FBE-972F-C21001810B5E}.Release|Any CPU.ActiveCfg = Release|Any CPU
		{66581B73-14A9-4FBE-972F-C21001810B5E}.Release|Any CPU.Build.0 = Release|Any CPU
		{66581B73-14A9-4FBE-972F-C21001810B5E}.Release|x64.ActiveCfg = Release|Any CPU
		{66581B73-14A9-4FBE-972F-C21001810B5E}.Release|x64.Build.0 = Release|Any CPU
		{66581B73-14A9-4FBE-972F-C21001810B5E}.Release|x86.ActiveCfg = Release|Any CPU
		{66581B73-14A9-4FBE-972F-C21001810B5E}.Release|x86.Build.0 = Release|Any CPU
		{8AD5D7F4-41D5-43BA-9A52-C61C0A0B7B4B}.Debug|Any CPU.ActiveCfg = Debug|Any CPU
		{8AD5D7F4-41D5-43BA-9A52-C61C0A0B7B4B}.Debug|Any CPU.Build.0 = Debug|Any CPU
		{8AD5D7F4-41D5-43BA-9A52-C61C0A0B7B4B}.Debug|x64.ActiveCfg = Debug|Any CPU
		{8AD5D7F4-41D5-43BA-9A52-C61C0A0B7B4B}.Debug|x64.Build.0 = Debug|Any CPU
		{8AD5D7F4-41D5-43BA-9A52-C61C0A0B7B4B}.Debug|x86.ActiveCfg = Debug|Any CPU
		{8AD5D7F4-41D5-43BA-9A52-C61C0A0B7B4B}.Debug|x86.Build.0 = Debug|Any CPU
		{8AD5D7F4-41D5-43BA-9A52-C61C0A0B7B4B}.Release|Any CPU.ActiveCfg = Release|Any CPU
		{8AD5D7F4-41D5-43BA-9A52-C61C0A0B7B4B}.Release|Any CPU.Build.0 = Release|Any CPU
		{8AD5D7F4-41D5-43BA-9A52-C61C0A0B7B4B}.Release|x64.ActiveCfg = Release|Any CPU
		{8AD5D7F4-41D5-43BA-9A52-C61C0A0B7B4B}.Release|x64.Build.0 = Release|Any CPU
		{8AD5D7F4-41D5-43BA-9A52-C61C0A0B7B4B}.Release|x86.ActiveCfg = Release|Any CPU
		{8AD5D7F4-41D5-43BA-9A52-C61C0A0B7B4B}.Release|x86.Build.0 = Release|Any CPU
		{046D2F7A-99F1-4430-A9D7-C85B51599498}.Debug|Any CPU.ActiveCfg = Debug|Any CPU
		{046D2F7A-99F1-4430-A9D7-C85B51599498}.Debug|Any CPU.Build.0 = Debug|Any CPU
		{046D2F7A-99F1-4430-A9D7-C85B51599498}.Debug|x64.ActiveCfg = Debug|Any CPU
		{046D2F7A-99F1-4430-A9D7-C85B51599498}.Debug|x64.Build.0 = Debug|Any CPU
		{046D2F7A-99F1-4430-A9D7-C85B51599498}.Debug|x86.ActiveCfg = Debug|Any CPU
		{046D2F7A-99F1-4430-A9D7-C85B51599498}.Debug|x86.Build.0 = Debug|Any CPU
		{046D2F7A-99F1-4430-A9D7-C85B51599498}.Release|Any CPU.ActiveCfg = Release|Any CPU
		{046D2F7A-99F1-4430-A9D7-C85B51599498}.Release|Any CPU.Build.0 = Release|Any CPU
		{046D2F7A-99F1-4430-A9D7-C85B51599498}.Release|x64.ActiveCfg = Release|Any CPU
		{046D2F7A-99F1-4430-A9D7-C85B51599498}.Release|x64.Build.0 = Release|Any CPU
		{046D2F7A-99F1-4430-A9D7-C85B51599498}.Release|x86.ActiveCfg = Release|Any CPU
		{046D2F7A-99F1-4430-A9D7-C85B51599498}.Release|x86.Build.0 = Release|Any CPU
	EndGlobalSection
	GlobalSection(SolutionProperties) = preSolution
		HideSolutionNode = FALSE
	EndGlobalSection
EndGlobal
